
Microsoft Visual Studio Solution File, Format Version 12.00
# Visual Studio Version 16
VisualStudioVersion = 16.0.31025.194
MinimumVisualStudioVersion = 10.0.40219.1
Project("{9A19103F-16F7-4668-BE54-9A1E7A4F7556}") = "AuctionApp.Entities", "AuctionApp.Entities\AuctionApp.Entities.csproj", "{7835779F-8899-4F7B-B523-9FC9C8521202}"
EndProject
Project("{9A19103F-16F7-4668-BE54-9A1E7A4F7556}") = "AuctionApp.DataAccess", "AuctionApp.DataAccess\AuctionApp.DataAccess.csproj", "{5A0BAC2F-ED72-4946-A11D-5E04CBE0C701}"
EndProject
Project("{FAE04EC0-301F-11D3-BF4B-00C04F79EFBC}") = "AuctionApp.Business", "AuctionApp.Business\AuctionApp.Business.csproj", "{47DF1E1D-D6C7-4E69-83A5-3D0086D4A5F2}"
EndProject
Project("{FAE04EC0-301F-11D3-BF4B-00C04F79EFBC}") = "AuctionApp.API", "AuctionApp.API\AuctionApp.API.csproj", "{FE714EC4-5B4A-4A46-9C73-7FF0BBC96E5E}"
EndProject
Global
	GlobalSection(SolutionConfigurationPlatforms) = preSolution
		Debug|Any CPU = Debug|Any CPU
		Release|Any CPU = Release|Any CPU
	EndGlobalSection
	GlobalSection(ProjectConfigurationPlatforms) = postSolution
		{7835779F-8899-4F7B-B523-9FC9C8521202}.Debug|Any CPU.ActiveCfg = Debug|Any CPU
		{7835779F-8899-4F7B-B523-9FC9C8521202}.Debug|Any CPU.Build.0 = Debug|Any CPU
		{7835779F-8899-4F7B-B523-9FC9C8521202}.Release|Any CPU.ActiveCfg = Release|Any CPU
		{7835779F-8899-4F7B-B523-9FC9C8521202}.Release|Any CPU.Build.0 = Release|Any CPU
		{5A0BAC2F-ED72-4946-A11D-5E04CBE0C701}.Debug|Any CPU.ActiveCfg = Debug|Any CPU
		{5A0BAC2F-ED72-4946-A11D-5E04CBE0C701}.Debug|Any CPU.Build.0 = Debug|Any CPU
		{5A0BAC2F-ED72-4946-A11D-5E04CBE0C701}.Release|Any CPU.ActiveCfg = Release|Any CPU
		{5A0BAC2F-ED72-4946-A11D-5E04CBE0C701}.Release|Any CPU.Build.0 = Release|Any CPU
		{47DF1E1D-D6C7-4E69-83A5-3D0086D4A5F2}.Debug|Any CPU.ActiveCfg = Debug|Any CPU
		{47DF1E1D-D6C7-4E69-83A5-3D0086D4A5F2}.Debug|Any CPU.Build.0 = Debug|Any CPU
		{47DF1E1D-D6C7-4E69-83A5-3D0086D4A5F2}.Release|Any CPU.ActiveCfg = Release|Any CPU
		{47DF1E1D-D6C7-4E69-83A5-3D0086D4A5F2}.Release|Any CPU.Build.0 = Release|Any CPU
		{FE714EC4-5B4A-4A46-9C73-7FF0BBC96E5E}.Debug|Any CPU.ActiveCfg = Debug|Any CPU
		{FE714EC4-5B4A-4A46-9C73-7FF0BBC96E5E}.Debug|Any CPU.Build.0 = Debug|Any CPU
		{FE714EC4-5B4A-4A46-9C73-7FF0BBC96E5E}.Release|Any CPU.ActiveCfg = Release|Any CPU
		{FE714EC4-5B4A-4A46-9C73-7FF0BBC96E5E}.Release|Any CPU.Build.0 = Release|Any CPU
	EndGlobalSection
	GlobalSection(SolutionProperties) = preSolution
		HideSolutionNode = FALSE
	EndGlobalSection
	GlobalSection(ExtensibilityGlobals) = postSolution
		SolutionGuid = {6C7F0368-967B-4C82-ADA8-FF5B40A7D6F9}
	EndGlobalSection
EndGlobal
